
Microsoft Visual Studio Solution File, Format Version 12.00
# Visual Studio Version 17
VisualStudioVersion = 17.4.33103.184
MinimumVisualStudioVersion = 10.0.40219.1
Project("{FAE04EC0-301F-11D3-BF4B-00C04F79EFBC}") = "TextoConsoleApp", "TextoConsoleApp\TextoConsoleApp.csproj", "{48BE2C2F-2A49-48BB-A866-87AB4C4AFA28}"
EndProject
Global
	GlobalSection(SolutionConfigurationPlatforms) = preSolution
		Debug|Any CPU = Debug|Any CPU
		Release|Any CPU = Release|Any CPU
	EndGlobalSection
	GlobalSection(ProjectConfigurationPlatforms) = postSolution
		{48BE2C2F-2A49-48BB-A866-87AB4C4AFA28}.Debug|Any CPU.ActiveCfg = Debug|Any CPU
		{48BE2C2F-2A49-48BB-A866-87AB4C4AFA28}.Debug|Any CPU.Build.0 = Debug|Any CPU
		{48BE2C2F-2A49-48BB-A866-87AB4C4AFA28}.Release|Any CPU.ActiveCfg = Release|Any CPU
		{48BE2C2F-2A49-48BB-A866-87AB4C4AFA28}.Release|Any CPU.Build.0 = Release|Any CPU
	EndGlobalSection
	GlobalSection(SolutionProperties) = preSolution
		HideSolutionNode = FALSE
	EndGlobalSection
	GlobalSection(ExtensibilityGlobals) = postSolution
		SolutionGuid = {E42B29F9-849A-4B1A-9404-05EDFED7DCDD}
	EndGlobalSection
EndGlobal
